
Microsoft Visual Studio Solution File, Format Version 12.00
# Visual Studio Version 17
VisualStudioVersion = 17.13.35931.197
MinimumVisualStudioVersion = 10.0.40219.1
Project("{FAE04EC0-301F-11D3-BF4B-00C04F79EFBC}") = "ShareLabo.Packages", "ShareLabo.Packages\ShareLabo.Packages.csproj", "{B983E7BA-1B19-4DC0-B666-D3BDFE14527D}"
EndProject
Project("{2150E333-8FDC-42A3-9474-1A3956D46DE8}") = "Packages", "Packages", "{DDB4EF12-CC4E-5E88-E6FC-71A802F4DE97}"
EndProject
Project("{2150E333-8FDC-42A3-9474-1A3956D46DE8}") = "Domain", "Domain", "{80F9A6BA-D16F-4DAC-B0E2-0229483189F3}"
EndProject
Project("{2150E333-8FDC-42A3-9474-1A3956D46DE8}") = "Application", "Application", "{A9B552A1-5033-4AD5-AA4E-ED6056CA4B4A}"
EndProject
Project("{2150E333-8FDC-42A3-9474-1A3956D46DE8}") = "Infrastructure", "Infrastructure", "{1F24B343-16AD-4AF9-BC20-C0A2B8DC233F}"
EndProject
Project("{2150E333-8FDC-42A3-9474-1A3956D46DE8}") = "Presentation", "Presentation", "{65AABB37-3349-453F-B612-FE58D0B356CE}"
EndProject
Project("{2150E333-8FDC-42A3-9474-1A3956D46DE8}") = "Aggregate", "Aggregate", "{5CE2C8E4-8859-4B84-9506-1B81762CDE26}"
EndProject
Project("{2150E333-8FDC-42A3-9474-1A3956D46DE8}") = "DomainService", "DomainService", "{76780982-ED06-4939-9513-0036DBB090F5}"
EndProject
Project("{FAE04EC0-301F-11D3-BF4B-00C04F79EFBC}") = "ShareLabo.Domain.ValueObject", "ShareLabo.Domain.ValueObject\ShareLabo.Domain.ValueObject.csproj", "{56FD6ED2-1B28-449D-83AC-1C06A3111D23}"
EndProject
Project("{FAE04EC0-301F-11D3-BF4B-00C04F79EFBC}") = "ShareLabo.Domain.Aggregate.User", "ShareLabo.Domain.Aggregate.User\ShareLabo.Domain.Aggregate.User.csproj", "{99F71064-76FC-4750-BB0A-2C1C83F1524C}"
EndProject
Project("{FAE04EC0-301F-11D3-BF4B-00C04F79EFBC}") = "ShareLabo.Domain.Aggregate.Toolkit", "ShareLabo.Domain.Aggregate.Toolkit\ShareLabo.Domain.Aggregate.Toolkit.csproj", "{D69E0C2A-6E1E-45EB-9FAF-551A6FF0C332}"
EndProject
Project("{FAE04EC0-301F-11D3-BF4B-00C04F79EFBC}") = "ShareLabo.Domain.Aggregate.Group", "ShareLabo.Domain.Aggregate.Group\ShareLabo.Domain.Aggregate.Group.csproj", "{BF897BBA-70A6-439C-A9A2-5B09824BE619}"
EndProject
Project("{FAE04EC0-301F-11D3-BF4B-00C04F79EFBC}") = "ShareLabo.Domain.DomainService.User", "ShareLabo.Domain.DomainService.User\ShareLabo.Domain.DomainService.User.csproj", "{5904E38B-5821-4648-B2D4-43A1DD73176D}"
EndProject
Project("{FAE04EC0-301F-11D3-BF4B-00C04F79EFBC}") = "ShareLabo.Domain.DomainService.Group", "ShareLabo.Domain.DomainService.Group\ShareLabo.Domain.DomainService.Group.csproj", "{7950F446-C62B-4A25-B54C-7A861D7706E9}"
EndProject
Project("{FAE04EC0-301F-11D3-BF4B-00C04F79EFBC}") = "ShareLabo.Application.UseCase.CommandService.User", "ShareLabo.Application.UseCase.CommandService.User\ShareLabo.Application.UseCase.CommandService.User.csproj", "{758F5A0F-1AA4-405C-8C1A-6FCF0E7BB898}"
EndProject
Project("{2150E333-8FDC-42A3-9474-1A3956D46DE8}") = "UseCase", "UseCase", "{C71E5561-5662-4D1A-858C-8B38BB5E2DD1}"
EndProject
Project("{2150E333-8FDC-42A3-9474-1A3956D46DE8}") = "CommandService", "CommandService", "{26EF5350-E4B3-4722-BAEC-41F975828E0D}"
EndProject
Project("{2150E333-8FDC-42A3-9474-1A3956D46DE8}") = "QueryService", "QueryService", "{0CC6DBA6-8A62-4BA5-97F3-046778138C0E}"
EndProject
Project("{FAE04EC0-301F-11D3-BF4B-00C04F79EFBC}") = "ShareLabo.Application.Authentication", "ShareLabo.Application.Authentication\ShareLabo.Application.Authentication.csproj", "{4D2FCFBE-4304-439D-A653-0AA0E1511FBB}"
EndProject
Project("{FAE04EC0-301F-11D3-BF4B-00C04F79EFBC}") = "ShareLabo.Domain.Aggregate.Post", "ShareLabo.Domain.Aggregate.Post\ShareLabo.Domain.Aggregate.Post.csproj", "{9CE8E163-979F-45E2-9BBD-6101BF231BF0}"
EndProject
Project("{FAE04EC0-301F-11D3-BF4B-00C04F79EFBC}") = "ShareLabo.Domain.DomainService.Post", "ShareLabo.Domain.DomainService.Post\ShareLabo.Domain.DomainService.Post.csproj", "{07F67032-1FE3-4928-B142-5B1DFF0DFC6A}"
EndProject
Project("{FAE04EC0-301F-11D3-BF4B-00C04F79EFBC}") = "ShareLabo.Application.UseCase.CommandService.Post", "ShareLabo.Application.UseCase.CommandService.Post\ShareLabo.Application.UseCase.CommandService.Post.csproj", "{A0965A05-2832-4FC2-AAD9-653DAEEF698F}"
EndProject
Project("{FAE04EC0-301F-11D3-BF4B-00C04F79EFBC}") = "ShareLabo.Infrastructure.EFPG.Table", "ShareLabo.Infrastructure.EFPG.Table\ShareLabo.Infrastructure.EFPG.Table.csproj", "{1172A8C3-7389-4EC6-A5B7-CFC4A226F092}"
EndProject
Project("{2150E333-8FDC-42A3-9474-1A3956D46DE8}") = "EntityFramework", "EntityFramework", "{E94744C0-96EC-4B60-B919-963919D9D455}"
EndProject
Project("{2150E333-8FDC-42A3-9474-1A3956D46DE8}") = "PostgreSQL", "PostgreSQL", "{BF8BD25D-0361-4904-A0F2-8E9826291ADB}"
EndProject
Project("{2150E333-8FDC-42A3-9474-1A3956D46DE8}") = "Repository", "Repository", "{DCBD7EB6-3183-4F20-8537-FF975D0F89CF}"
EndProject
Project("{2150E333-8FDC-42A3-9474-1A3956D46DE8}") = "QueryService", "QueryService", "{7274F359-4CCC-4754-86F7-F853271262D8}"
EndProject
Project("{FAE04EC0-301F-11D3-BF4B-00C04F79EFBC}") = "ShareLabo.Infrastructure.PGSQL.Pakages", "ShareLabo.Infrastructure.PGSQL.Pakages\ShareLabo.Infrastructure.PGSQL.Pakages.csproj", "{16149731-0222-4DFB-97CD-4F7CFC570E8E}"
EndProject
Project("{FAE04EC0-301F-11D3-BF4B-00C04F79EFBC}") = "ShareLabo.Infrastructure.PGSQL.Repository.User", "ShareLabo.Infrastructure.PGSQL.Repository.User\ShareLabo.Infrastructure.PGSQL.Repository.User.csproj", "{2A9C2C22-1BB2-4849-AC3B-33A5647D2ED5}"
EndProject
Project("{FAE04EC0-301F-11D3-BF4B-00C04F79EFBC}") = "ShareLabo.Infrastructure.PGSQL.Toolkit", "ShareLabo.Infrastructure.PGSQL.Toolkit\ShareLabo.Infrastructure.PGSQL.Toolkit.csproj", "{DC4AEB5D-67E3-4A2D-A2E2-8D6D298C31EA}"
EndProject
Project("{FAE04EC0-301F-11D3-BF4B-00C04F79EFBC}") = "ShareLabo.Infrastructure.PGSQL.Repository.Group", "ShareLabo.Infrastructure.PGSQL.Repository.Group\ShareLabo.Infrastructure.PGSQL.Repository.Group.csproj", "{13326CEF-FDEE-4D55-9CF8-DA3D4D206DEE}"
EndProject
Project("{FAE04EC0-301F-11D3-BF4B-00C04F79EFBC}") = "ShareLabo.Infrastructure.PGSQL.Repository.Post", "ShareLabo.Infrastructure.PGSQL.Repository.Post\ShareLabo.Infrastructure.PGSQL.Repository.Post.csproj", "{67E14A7F-458F-4859-A079-EA1CF2A68CDE}"
EndProject
Project("{2150E333-8FDC-42A3-9474-1A3956D46DE8}") = "MagicOnion", "MagicOnion", "{4E02EFA3-1084-4136-A2BF-164330CB2EC1}"
EndProject
Project("{2150E333-8FDC-42A3-9474-1A3956D46DE8}") = "AppBuilder", "AppBuilder", "{288F9AED-3C39-4EFD-A42D-8FC9F0BBA134}"
EndProject
Project("{FAE04EC0-301F-11D3-BF4B-00C04F79EFBC}") = "ShareLabo.Presentation.AppBuilder.DomainCoreBuilder", "ShareLabo.Presentation.AppBuilder.DomainCoreBuilder\ShareLabo.Presentation.AppBuilder.DomainCoreBuilder.csproj", "{F21839B9-F592-492E-85DA-E4191800E94A}"
EndProject
Project("{FAE04EC0-301F-11D3-BF4B-00C04F79EFBC}") = "ShareLabo.Presentation.AppBuilder.Application", "ShareLabo.Presentation.AppBuilder.Application\ShareLabo.Presentation.AppBuilder.Application.csproj", "{62A7E010-AA4C-4EE4-9AD3-E2CA2549AB3F}"
EndProject
Project("{FAE04EC0-301F-11D3-BF4B-00C04F79EFBC}") = "ShareLabo.Presentation.AppBuilder.PGSQL", "ShareLabo.Presentation.AppBuilder.PGSQL\ShareLabo.Presentation.AppBuilder.PGSQL.csproj", "{0AACC459-2F22-4AD6-96B1-D67C827355C0}"
EndProject
Project("{2150E333-8FDC-42A3-9474-1A3956D46DE8}") = "Application", "Application", "{8491BC24-2608-4565-BFE3-06CFF073DD6C}"
EndProject
Project("{FAE04EC0-301F-11D3-BF4B-00C04F79EFBC}") = "ShareLabo.Infrastructure.PGSQL.Application.Authentication", "ShareLabo.Infrastructure.PGSQL.Application.Authentication\ShareLabo.Infrastructure.PGSQL.Application.Authentication.csproj", "{331F572B-6C23-4831-AC4C-C66EB5D0E40E}"
EndProject
Project("{FAE04EC0-301F-11D3-BF4B-00C04F79EFBC}") = "ShareLabo.Presentation.MagicOnion.Interface", "ShareLabo.Presentation.MagicOnion.Interface\ShareLabo.Presentation.MagicOnion.Interface.csproj", "{116EAB4E-DD31-402E-B315-08F7402BAA0D}"
EndProject
Project("{FAE04EC0-301F-11D3-BF4B-00C04F79EFBC}") = "ShareLabo.Presentation.MagicOnion.Server", "ShareLabo.Presentation.MagicOnion.Server\ShareLabo.Presentation.MagicOnion.Server.csproj", "{F42839E4-B5A2-4940-91B7-59AF75950273}"
EndProject
Project("{FAE04EC0-301F-11D3-BF4B-00C04F79EFBC}") = "ShareLabo.Presentation.MagicOnion.Client", "ShareLabo.Presentation.MagicOnion.Client\ShareLabo.Presentation.MagicOnion.Client.csproj", "{6F33C0D2-58AC-4D1D-98D4-1F0AF8FF4FB5}"
EndProject
Project("{FAE04EC0-301F-11D3-BF4B-00C04F79EFBC}") = "ShareLabo.Presentation.AppBuilder.MagicOnion.Client", "ShareLabo.Presentation.AppBuilder.MagicOnion.Client\ShareLabo.Presentation.AppBuilder.MagicOnion.Client.csproj", "{6A1D192C-12E5-4358-A77D-624659725F50}"
EndProject
Project("{2150E333-8FDC-42A3-9474-1A3956D46DE8}") = "Blazor", "Blazor", "{5F6C9CD6-800B-443A-ACDE-DE3C91BF22AF}"
EndProject
Project("{FAE04EC0-301F-11D3-BF4B-00C04F79EFBC}") = "ShareLabo.Application.UseCase.QueryService.User", "ShareLabo.Application.UseCase.QueryService.User\ShareLabo.Application.UseCase.QueryService.User.csproj", "{AA1CB95F-59BD-43BF-BE2F-AEFF6DF4E4A4}"
EndProject
Project("{FAE04EC0-301F-11D3-BF4B-00C04F79EFBC}") = "ShareLabo.Infrastructure.PGSQL.QueryService.User", "ShareLabo.Infrastructure.PGSQL.QueryService.User\ShareLabo.Infrastructure.PGSQL.QueryService.User.csproj", "{BBA39F68-B255-4F77-AC38-DAA5ACA25C4B}"
EndProject
Project("{FAE04EC0-301F-11D3-BF4B-00C04F79EFBC}") = "ShareLabo.Presentation.Blazor", "ShareLabo.Presentation.Blazor\ShareLabo.Presentation.Blazor\ShareLabo.Presentation.Blazor.csproj", "{8E8A5A42-A848-4CBC-A3B3-FEC546C66582}"
EndProject
Project("{FAE04EC0-301F-11D3-BF4B-00C04F79EFBC}") = "ShareLabo.Presentation.Blazor.Client", "ShareLabo.Presentation.Blazor\ShareLabo.Presentation.Blazor.Client\ShareLabo.Presentation.Blazor.Client.csproj", "{08B8D324-F708-4AD9-BDA1-F01C63B4701D}"
EndProject
Project("{FAE04EC0-301F-11D3-BF4B-00C04F79EFBC}") = "ShareLabo.Application.UseCase.QueryService.Post", "ShareLabo.Application.UseCase.QueryService.Post\ShareLabo.Application.UseCase.QueryService.Post.csproj", "{8EE9DD96-FB76-4976-836C-D68CD2BF6E89}"
EndProject
Project("{FAE04EC0-301F-11D3-BF4B-00C04F79EFBC}") = "ShareLabo.Infrastructure.PGSQL.QueryService.Post", "ShareLabo.Infrastructure.PGSQL.QueryService.Post\ShareLabo.Infrastructure.PGSQL.QueryService.Post.csproj", "{11A3055D-0B3E-484C-80E5-57122478EB45}"
EndProject
Project("{FAE04EC0-301F-11D3-BF4B-00C04F79EFBC}") = "ShareLabo.Domain.Aggregate.TimeLine", "ShareLabo.Domain.Aggregate.TimeLine\ShareLabo.Domain.Aggregate.TimeLine.csproj", "{C23A654B-17DE-48B9-B4C6-532B09A11B40}"
EndProject
Project("{FAE04EC0-301F-11D3-BF4B-00C04F79EFBC}") = "ShareLabo.Infrastructure.PGSQL.Repository.TimeLine", "ShareLabo.Infrastructure.PGSQL.Repository.TimeLine\ShareLabo.Infrastructure.PGSQL.Repository.TimeLine.csproj", "{81B42C19-7B20-4A69-92C3-D6814E72103A}"
EndProject
Project("{FAE04EC0-301F-11D3-BF4B-00C04F79EFBC}") = "ShareLabo.Domain.Aggregate.Follow", "ShareLabo.Domain.Aggregate.Follow\ShareLabo.Domain.Aggregate.Follow.csproj", "{C9DF1021-8739-4A12-9058-E3E963487A65}"
EndProject
Project("{FAE04EC0-301F-11D3-BF4B-00C04F79EFBC}") = "ShareLabo.Domain.DomainService.Follow", "ShareLabo.Domain.DomainService.Follow\ShareLabo.Domain.DomainService.Follow.csproj", "{9DB57A99-DE94-4DD4-91A5-21D6360EDBA6}"
EndProject
Project("{FAE04EC0-301F-11D3-BF4B-00C04F79EFBC}") = "ShareLabo.Infrastructure.PGSQL.Repository.Follow", "ShareLabo.Infrastructure.PGSQL.Repository.Follow\ShareLabo.Infrastructure.PGSQL.Repository.Follow.csproj", "{37BDA11D-43E4-45F4-B8BA-C35DB00C108D}"
EndProject
Project("{FAE04EC0-301F-11D3-BF4B-00C04F79EFBC}") = "ShareLabo.Domain.DomainService.TimeLine", "ShareLabo.Domain.DomainService.TimeLine\ShareLabo.Domain.DomainService.TimeLine.csproj", "{722AD4B4-995D-4D32-853A-7915CD7112CB}"
EndProject
Project("{FAE04EC0-301F-11D3-BF4B-00C04F79EFBC}") = "ShareLabo.Application.UseCase.CommandService.Follow", "ShareLabo.Application.UseCase.CommandService.Follow\ShareLabo.Application.UseCase.CommandService.Follow.csproj", "{1FC632CF-BA5F-4298-B0E2-8073DD9ED992}"
EndProject
Project("{FAE04EC0-301F-11D3-BF4B-00C04F79EFBC}") = "ShareLabo.Application.UseCase.CommandService.TimeLine", "ShareLabo.Application.UseCase.CommandService.TimeLine\ShareLabo.Application.UseCase.CommandService.TimeLine.csproj", "{89B37EA9-69A6-4F26-ACC0-6D766C7602D3}"
EndProject
Project("{FAE04EC0-301F-11D3-BF4B-00C04F79EFBC}") = "ShareLabo.Application.UseCase.CommandService.Group", "ShareLabo.Application.UseCase.CommandService.Group\ShareLabo.Application.UseCase.CommandService.Group.csproj", "{D287DE6F-E86E-40D9-A535-B6D24F33B856}"
EndProject
Global
	GlobalSection(SolutionConfigurationPlatforms) = preSolution
		Debug|Any CPU = Debug|Any CPU
		Release|Any CPU = Release|Any CPU
	EndGlobalSection
	GlobalSection(ProjectConfigurationPlatforms) = postSolution
		{B983E7BA-1B19-4DC0-B666-D3BDFE14527D}.Debug|Any CPU.ActiveCfg = Debug|Any CPU
		{B983E7BA-1B19-4DC0-B666-D3BDFE14527D}.Debug|Any CPU.Build.0 = Debug|Any CPU
		{B983E7BA-1B19-4DC0-B666-D3BDFE14527D}.Release|Any CPU.ActiveCfg = Release|Any CPU
		{B983E7BA-1B19-4DC0-B666-D3BDFE14527D}.Release|Any CPU.Build.0 = Release|Any CPU
		{56FD6ED2-1B28-449D-83AC-1C06A3111D23}.Debug|Any CPU.ActiveCfg = Debug|Any CPU
		{56FD6ED2-1B28-449D-83AC-1C06A3111D23}.Debug|Any CPU.Build.0 = Debug|Any CPU
		{56FD6ED2-1B28-449D-83AC-1C06A3111D23}.Release|Any CPU.ActiveCfg = Release|Any CPU
		{56FD6ED2-1B28-449D-83AC-1C06A3111D23}.Release|Any CPU.Build.0 = Release|Any CPU
		{99F71064-76FC-4750-BB0A-2C1C83F1524C}.Debug|Any CPU.ActiveCfg = Debug|Any CPU
		{99F71064-76FC-4750-BB0A-2C1C83F1524C}.Debug|Any CPU.Build.0 = Debug|Any CPU
		{99F71064-76FC-4750-BB0A-2C1C83F1524C}.Release|Any CPU.ActiveCfg = Release|Any CPU
		{99F71064-76FC-4750-BB0A-2C1C83F1524C}.Release|Any CPU.Build.0 = Release|Any CPU
		{D69E0C2A-6E1E-45EB-9FAF-551A6FF0C332}.Debug|Any CPU.ActiveCfg = Debug|Any CPU
		{D69E0C2A-6E1E-45EB-9FAF-551A6FF0C332}.Debug|Any CPU.Build.0 = Debug|Any CPU
		{D69E0C2A-6E1E-45EB-9FAF-551A6FF0C332}.Release|Any CPU.ActiveCfg = Release|Any CPU
		{D69E0C2A-6E1E-45EB-9FAF-551A6FF0C332}.Release|Any CPU.Build.0 = Release|Any CPU
		{BF897BBA-70A6-439C-A9A2-5B09824BE619}.Debug|Any CPU.ActiveCfg = Debug|Any CPU
		{BF897BBA-70A6-439C-A9A2-5B09824BE619}.Debug|Any CPU.Build.0 = Debug|Any CPU
		{BF897BBA-70A6-439C-A9A2-5B09824BE619}.Release|Any CPU.ActiveCfg = Release|Any CPU
		{BF897BBA-70A6-439C-A9A2-5B09824BE619}.Release|Any CPU.Build.0 = Release|Any CPU
		{5904E38B-5821-4648-B2D4-43A1DD73176D}.Debug|Any CPU.ActiveCfg = Debug|Any CPU
		{5904E38B-5821-4648-B2D4-43A1DD73176D}.Debug|Any CPU.Build.0 = Debug|Any CPU
		{5904E38B-5821-4648-B2D4-43A1DD73176D}.Release|Any CPU.ActiveCfg = Release|Any CPU
		{5904E38B-5821-4648-B2D4-43A1DD73176D}.Release|Any CPU.Build.0 = Release|Any CPU
		{7950F446-C62B-4A25-B54C-7A861D7706E9}.Debug|Any CPU.ActiveCfg = Debug|Any CPU
		{7950F446-C62B-4A25-B54C-7A861D7706E9}.Debug|Any CPU.Build.0 = Debug|Any CPU
		{7950F446-C62B-4A25-B54C-7A861D7706E9}.Release|Any CPU.ActiveCfg = Release|Any CPU
		{7950F446-C62B-4A25-B54C-7A861D7706E9}.Release|Any CPU.Build.0 = Release|Any CPU
		{758F5A0F-1AA4-405C-8C1A-6FCF0E7BB898}.Debug|Any CPU.ActiveCfg = Debug|Any CPU
		{758F5A0F-1AA4-405C-8C1A-6FCF0E7BB898}.Debug|Any CPU.Build.0 = Debug|Any CPU
		{758F5A0F-1AA4-405C-8C1A-6FCF0E7BB898}.Release|Any CPU.ActiveCfg = Release|Any CPU
		{758F5A0F-1AA4-405C-8C1A-6FCF0E7BB898}.Release|Any CPU.Build.0 = Release|Any CPU
		{4D2FCFBE-4304-439D-A653-0AA0E1511FBB}.Debug|Any CPU.ActiveCfg = Debug|Any CPU
		{4D2FCFBE-4304-439D-A653-0AA0E1511FBB}.Debug|Any CPU.Build.0 = Debug|Any CPU
		{4D2FCFBE-4304-439D-A653-0AA0E1511FBB}.Release|Any CPU.ActiveCfg = Release|Any CPU
		{4D2FCFBE-4304-439D-A653-0AA0E1511FBB}.Release|Any CPU.Build.0 = Release|Any CPU
		{9CE8E163-979F-45E2-9BBD-6101BF231BF0}.Debug|Any CPU.ActiveCfg = Debug|Any CPU
		{9CE8E163-979F-45E2-9BBD-6101BF231BF0}.Debug|Any CPU.Build.0 = Debug|Any CPU
		{9CE8E163-979F-45E2-9BBD-6101BF231BF0}.Release|Any CPU.ActiveCfg = Release|Any CPU
		{9CE8E163-979F-45E2-9BBD-6101BF231BF0}.Release|Any CPU.Build.0 = Release|Any CPU
		{07F67032-1FE3-4928-B142-5B1DFF0DFC6A}.Debug|Any CPU.ActiveCfg = Debug|Any CPU
		{07F67032-1FE3-4928-B142-5B1DFF0DFC6A}.Debug|Any CPU.Build.0 = Debug|Any CPU
		{07F67032-1FE3-4928-B142-5B1DFF0DFC6A}.Release|Any CPU.ActiveCfg = Release|Any CPU
		{07F67032-1FE3-4928-B142-5B1DFF0DFC6A}.Release|Any CPU.Build.0 = Release|Any CPU
		{A0965A05-2832-4FC2-AAD9-653DAEEF698F}.Debug|Any CPU.ActiveCfg = Debug|Any CPU
		{A0965A05-2832-4FC2-AAD9-653DAEEF698F}.Debug|Any CPU.Build.0 = Debug|Any CPU
		{A0965A05-2832-4FC2-AAD9-653DAEEF698F}.Release|Any CPU.ActiveCfg = Release|Any CPU
		{A0965A05-2832-4FC2-AAD9-653DAEEF698F}.Release|Any CPU.Build.0 = Release|Any CPU
		{1172A8C3-7389-4EC6-A5B7-CFC4A226F092}.Debug|Any CPU.ActiveCfg = Debug|Any CPU
		{1172A8C3-7389-4EC6-A5B7-CFC4A226F092}.Debug|Any CPU.Build.0 = Debug|Any CPU
		{1172A8C3-7389-4EC6-A5B7-CFC4A226F092}.Release|Any CPU.ActiveCfg = Release|Any CPU
		{1172A8C3-7389-4EC6-A5B7-CFC4A226F092}.Release|Any CPU.Build.0 = Release|Any CPU
		{16149731-0222-4DFB-97CD-4F7CFC570E8E}.Debug|Any CPU.ActiveCfg = Debug|Any CPU
		{16149731-0222-4DFB-97CD-4F7CFC570E8E}.Debug|Any CPU.Build.0 = Debug|Any CPU
		{16149731-0222-4DFB-97CD-4F7CFC570E8E}.Release|Any CPU.ActiveCfg = Release|Any CPU
		{16149731-0222-4DFB-97CD-4F7CFC570E8E}.Release|Any CPU.Build.0 = Release|Any CPU
		{2A9C2C22-1BB2-4849-AC3B-33A5647D2ED5}.Debug|Any CPU.ActiveCfg = Debug|Any CPU
		{2A9C2C22-1BB2-4849-AC3B-33A5647D2ED5}.Debug|Any CPU.Build.0 = Debug|Any CPU
		{2A9C2C22-1BB2-4849-AC3B-33A5647D2ED5}.Release|Any CPU.ActiveCfg = Release|Any CPU
		{2A9C2C22-1BB2-4849-AC3B-33A5647D2ED5}.Release|Any CPU.Build.0 = Release|Any CPU
		{DC4AEB5D-67E3-4A2D-A2E2-8D6D298C31EA}.Debug|Any CPU.ActiveCfg = Debug|Any CPU
		{DC4AEB5D-67E3-4A2D-A2E2-8D6D298C31EA}.Debug|Any CPU.Build.0 = Debug|Any CPU
		{DC4AEB5D-67E3-4A2D-A2E2-8D6D298C31EA}.Release|Any CPU.ActiveCfg = Release|Any CPU
		{DC4AEB5D-67E3-4A2D-A2E2-8D6D298C31EA}.Release|Any CPU.Build.0 = Release|Any CPU
		{13326CEF-FDEE-4D55-9CF8-DA3D4D206DEE}.Debug|Any CPU.ActiveCfg = Debug|Any CPU
		{13326CEF-FDEE-4D55-9CF8-DA3D4D206DEE}.Debug|Any CPU.Build.0 = Debug|Any CPU
		{13326CEF-FDEE-4D55-9CF8-DA3D4D206DEE}.Release|Any CPU.ActiveCfg = Release|Any CPU
		{13326CEF-FDEE-4D55-9CF8-DA3D4D206DEE}.Release|Any CPU.Build.0 = Release|Any CPU
		{67E14A7F-458F-4859-A079-EA1CF2A68CDE}.Debug|Any CPU.ActiveCfg = Debug|Any CPU
		{67E14A7F-458F-4859-A079-EA1CF2A68CDE}.Debug|Any CPU.Build.0 = Debug|Any CPU
		{67E14A7F-458F-4859-A079-EA1CF2A68CDE}.Release|Any CPU.ActiveCfg = Release|Any CPU
		{67E14A7F-458F-4859-A079-EA1CF2A68CDE}.Release|Any CPU.Build.0 = Release|Any CPU
		{F21839B9-F592-492E-85DA-E4191800E94A}.Debug|Any CPU.ActiveCfg = Debug|Any CPU
		{F21839B9-F592-492E-85DA-E4191800E94A}.Debug|Any CPU.Build.0 = Debug|Any CPU
		{F21839B9-F592-492E-85DA-E4191800E94A}.Release|Any CPU.ActiveCfg = Release|Any CPU
		{F21839B9-F592-492E-85DA-E4191800E94A}.Release|Any CPU.Build.0 = Release|Any CPU
		{62A7E010-AA4C-4EE4-9AD3-E2CA2549AB3F}.Debug|Any CPU.ActiveCfg = Debug|Any CPU
		{62A7E010-AA4C-4EE4-9AD3-E2CA2549AB3F}.Debug|Any CPU.Build.0 = Debug|Any CPU
		{62A7E010-AA4C-4EE4-9AD3-E2CA2549AB3F}.Release|Any CPU.ActiveCfg = Release|Any CPU
		{62A7E010-AA4C-4EE4-9AD3-E2CA2549AB3F}.Release|Any CPU.Build.0 = Release|Any CPU
		{0AACC459-2F22-4AD6-96B1-D67C827355C0}.Debug|Any CPU.ActiveCfg = Debug|Any CPU
		{0AACC459-2F22-4AD6-96B1-D67C827355C0}.Debug|Any CPU.Build.0 = Debug|Any CPU
		{0AACC459-2F22-4AD6-96B1-D67C827355C0}.Release|Any CPU.ActiveCfg = Release|Any CPU
		{0AACC459-2F22-4AD6-96B1-D67C827355C0}.Release|Any CPU.Build.0 = Release|Any CPU
		{331F572B-6C23-4831-AC4C-C66EB5D0E40E}.Debug|Any CPU.ActiveCfg = Debug|Any CPU
		{331F572B-6C23-4831-AC4C-C66EB5D0E40E}.Debug|Any CPU.Build.0 = Debug|Any CPU
		{331F572B-6C23-4831-AC4C-C66EB5D0E40E}.Release|Any CPU.ActiveCfg = Release|Any CPU
		{331F572B-6C23-4831-AC4C-C66EB5D0E40E}.Release|Any CPU.Build.0 = Release|Any CPU
		{116EAB4E-DD31-402E-B315-08F7402BAA0D}.Debug|Any CPU.ActiveCfg = Debug|Any CPU
		{116EAB4E-DD31-402E-B315-08F7402BAA0D}.Debug|Any CPU.Build.0 = Debug|Any CPU
		{116EAB4E-DD31-402E-B315-08F7402BAA0D}.Release|Any CPU.ActiveCfg = Release|Any CPU
		{116EAB4E-DD31-402E-B315-08F7402BAA0D}.Release|Any CPU.Build.0 = Release|Any CPU
		{F42839E4-B5A2-4940-91B7-59AF75950273}.Debug|Any CPU.ActiveCfg = Debug|Any CPU
		{F42839E4-B5A2-4940-91B7-59AF75950273}.Debug|Any CPU.Build.0 = Debug|Any CPU
		{F42839E4-B5A2-4940-91B7-59AF75950273}.Release|Any CPU.ActiveCfg = Release|Any CPU
		{F42839E4-B5A2-4940-91B7-59AF75950273}.Release|Any CPU.Build.0 = Release|Any CPU
		{6F33C0D2-58AC-4D1D-98D4-1F0AF8FF4FB5}.Debug|Any CPU.ActiveCfg = Debug|Any CPU
		{6F33C0D2-58AC-4D1D-98D4-1F0AF8FF4FB5}.Debug|Any CPU.Build.0 = Debug|Any CPU
		{6F33C0D2-58AC-4D1D-98D4-1F0AF8FF4FB5}.Release|Any CPU.ActiveCfg = Release|Any CPU
		{6F33C0D2-58AC-4D1D-98D4-1F0AF8FF4FB5}.Release|Any CPU.Build.0 = Release|Any CPU
		{6A1D192C-12E5-4358-A77D-624659725F50}.Debug|Any CPU.ActiveCfg = Debug|Any CPU
		{6A1D192C-12E5-4358-A77D-624659725F50}.Debug|Any CPU.Build.0 = Debug|Any CPU
		{6A1D192C-12E5-4358-A77D-624659725F50}.Release|Any CPU.ActiveCfg = Release|Any CPU
		{6A1D192C-12E5-4358-A77D-624659725F50}.Release|Any CPU.Build.0 = Release|Any CPU
		{AA1CB95F-59BD-43BF-BE2F-AEFF6DF4E4A4}.Debug|Any CPU.ActiveCfg = Debug|Any CPU
		{AA1CB95F-59BD-43BF-BE2F-AEFF6DF4E4A4}.Debug|Any CPU.Build.0 = Debug|Any CPU
		{AA1CB95F-59BD-43BF-BE2F-AEFF6DF4E4A4}.Release|Any CPU.ActiveCfg = Release|Any CPU
		{AA1CB95F-59BD-43BF-BE2F-AEFF6DF4E4A4}.Release|Any CPU.Build.0 = Release|Any CPU
		{BBA39F68-B255-4F77-AC38-DAA5ACA25C4B}.Debug|Any CPU.ActiveCfg = Debug|Any CPU
		{BBA39F68-B255-4F77-AC38-DAA5ACA25C4B}.Debug|Any CPU.Build.0 = Debug|Any CPU
		{BBA39F68-B255-4F77-AC38-DAA5ACA25C4B}.Release|Any CPU.ActiveCfg = Release|Any CPU
		{BBA39F68-B255-4F77-AC38-DAA5ACA25C4B}.Release|Any CPU.Build.0 = Release|Any CPU
		{8E8A5A42-A848-4CBC-A3B3-FEC546C66582}.Debug|Any CPU.ActiveCfg = Debug|Any CPU
		{8E8A5A42-A848-4CBC-A3B3-FEC546C66582}.Debug|Any CPU.Build.0 = Debug|Any CPU
		{8E8A5A42-A848-4CBC-A3B3-FEC546C66582}.Release|Any CPU.ActiveCfg = Release|Any CPU
		{8E8A5A42-A848-4CBC-A3B3-FEC546C66582}.Release|Any CPU.Build.0 = Release|Any CPU
		{08B8D324-F708-4AD9-BDA1-F01C63B4701D}.Debug|Any CPU.ActiveCfg = Debug|Any CPU
		{08B8D324-F708-4AD9-BDA1-F01C63B4701D}.Debug|Any CPU.Build.0 = Debug|Any CPU
		{08B8D324-F708-4AD9-BDA1-F01C63B4701D}.Release|Any CPU.ActiveCfg = Release|Any CPU
		{08B8D324-F708-4AD9-BDA1-F01C63B4701D}.Release|Any CPU.Build.0 = Release|Any CPU
		{8EE9DD96-FB76-4976-836C-D68CD2BF6E89}.Debug|Any CPU.ActiveCfg = Debug|Any CPU
		{8EE9DD96-FB76-4976-836C-D68CD2BF6E89}.Debug|Any CPU.Build.0 = Debug|Any CPU
		{8EE9DD96-FB76-4976-836C-D68CD2BF6E89}.Release|Any CPU.ActiveCfg = Release|Any CPU
		{8EE9DD96-FB76-4976-836C-D68CD2BF6E89}.Release|Any CPU.Build.0 = Release|Any CPU
		{11A3055D-0B3E-484C-80E5-57122478EB45}.Debug|Any CPU.ActiveCfg = Debug|Any CPU
		{11A3055D-0B3E-484C-80E5-57122478EB45}.Debug|Any CPU.Build.0 = Debug|Any CPU
		{11A3055D-0B3E-484C-80E5-57122478EB45}.Release|Any CPU.ActiveCfg = Release|Any CPU
		{11A3055D-0B3E-484C-80E5-57122478EB45}.Release|Any CPU.Build.0 = Release|Any CPU
		{C23A654B-17DE-48B9-B4C6-532B09A11B40}.Debug|Any CPU.ActiveCfg = Debug|Any CPU
		{C23A654B-17DE-48B9-B4C6-532B09A11B40}.Debug|Any CPU.Build.0 = Debug|Any CPU
		{C23A654B-17DE-48B9-B4C6-532B09A11B40}.Release|Any CPU.ActiveCfg = Release|Any CPU
		{C23A654B-17DE-48B9-B4C6-532B09A11B40}.Release|Any CPU.Build.0 = Release|Any CPU
		{81B42C19-7B20-4A69-92C3-D6814E72103A}.Debug|Any CPU.ActiveCfg = Debug|Any CPU
		{81B42C19-7B20-4A69-92C3-D6814E72103A}.Debug|Any CPU.Build.0 = Debug|Any CPU
		{81B42C19-7B20-4A69-92C3-D6814E72103A}.Release|Any CPU.ActiveCfg = Release|Any CPU
		{81B42C19-7B20-4A69-92C3-D6814E72103A}.Release|Any CPU.Build.0 = Release|Any CPU
		{C9DF1021-8739-4A12-9058-E3E963487A65}.Debug|Any CPU.ActiveCfg = Debug|Any CPU
		{C9DF1021-8739-4A12-9058-E3E963487A65}.Debug|Any CPU.Build.0 = Debug|Any CPU
		{C9DF1021-8739-4A12-9058-E3E963487A65}.Release|Any CPU.ActiveCfg = Release|Any CPU
		{C9DF1021-8739-4A12-9058-E3E963487A65}.Release|Any CPU.Build.0 = Release|Any CPU
		{9DB57A99-DE94-4DD4-91A5-21D6360EDBA6}.Debug|Any CPU.ActiveCfg = Debug|Any CPU
		{9DB57A99-DE94-4DD4-91A5-21D6360EDBA6}.Debug|Any CPU.Build.0 = Debug|Any CPU
		{9DB57A99-DE94-4DD4-91A5-21D6360EDBA6}.Release|Any CPU.ActiveCfg = Release|Any CPU
		{9DB57A99-DE94-4DD4-91A5-21D6360EDBA6}.Release|Any CPU.Build.0 = Release|Any CPU
		{37BDA11D-43E4-45F4-B8BA-C35DB00C108D}.Debug|Any CPU.ActiveCfg = Debug|Any CPU
		{37BDA11D-43E4-45F4-B8BA-C35DB00C108D}.Debug|Any CPU.Build.0 = Debug|Any CPU
		{37BDA11D-43E4-45F4-B8BA-C35DB00C108D}.Release|Any CPU.ActiveCfg = Release|Any CPU
		{37BDA11D-43E4-45F4-B8BA-C35DB00C108D}.Release|Any CPU.Build.0 = Release|Any CPU
		{722AD4B4-995D-4D32-853A-7915CD7112CB}.Debug|Any CPU.ActiveCfg = Debug|Any CPU
		{722AD4B4-995D-4D32-853A-7915CD7112CB}.Debug|Any CPU.Build.0 = Debug|Any CPU
		{722AD4B4-995D-4D32-853A-7915CD7112CB}.Release|Any CPU.ActiveCfg = Release|Any CPU
		{722AD4B4-995D-4D32-853A-7915CD7112CB}.Release|Any CPU.Build.0 = Release|Any CPU
		{1FC632CF-BA5F-4298-B0E2-8073DD9ED992}.Debug|Any CPU.ActiveCfg = Debug|Any CPU
		{1FC632CF-BA5F-4298-B0E2-8073DD9ED992}.Debug|Any CPU.Build.0 = Debug|Any CPU
		{1FC632CF-BA5F-4298-B0E2-8073DD9ED992}.Release|Any CPU.ActiveCfg = Release|Any CPU
		{1FC632CF-BA5F-4298-B0E2-8073DD9ED992}.Release|Any CPU.Build.0 = Release|Any CPU
		{89B37EA9-69A6-4F26-ACC0-6D766C7602D3}.Debug|Any CPU.ActiveCfg = Debug|Any CPU
		{89B37EA9-69A6-4F26-ACC0-6D766C7602D3}.Debug|Any CPU.Build.0 = Debug|Any CPU
		{89B37EA9-69A6-4F26-ACC0-6D766C7602D3}.Release|Any CPU.ActiveCfg = Release|Any CPU
		{89B37EA9-69A6-4F26-ACC0-6D766C7602D3}.Release|Any CPU.Build.0 = Release|Any CPU
		{D287DE6F-E86E-40D9-A535-B6D24F33B856}.Debug|Any CPU.ActiveCfg = Debug|Any CPU
		{D287DE6F-E86E-40D9-A535-B6D24F33B856}.Debug|Any CPU.Build.0 = Debug|Any CPU
		{D287DE6F-E86E-40D9-A535-B6D24F33B856}.Release|Any CPU.ActiveCfg = Release|Any CPU
		{D287DE6F-E86E-40D9-A535-B6D24F33B856}.Release|Any CPU.Build.0 = Release|Any CPU
	EndGlobalSection
	GlobalSection(SolutionProperties) = preSolution
		HideSolutionNode = FALSE
	EndGlobalSection
	GlobalSection(NestedProjects) = preSolution
		{B983E7BA-1B19-4DC0-B666-D3BDFE14527D} = {DDB4EF12-CC4E-5E88-E6FC-71A802F4DE97}
		{5CE2C8E4-8859-4B84-9506-1B81762CDE26} = {80F9A6BA-D16F-4DAC-B0E2-0229483189F3}
		{76780982-ED06-4939-9513-0036DBB090F5} = {80F9A6BA-D16F-4DAC-B0E2-0229483189F3}
		{56FD6ED2-1B28-449D-83AC-1C06A3111D23} = {80F9A6BA-D16F-4DAC-B0E2-0229483189F3}
		{99F71064-76FC-4750-BB0A-2C1C83F1524C} = {5CE2C8E4-8859-4B84-9506-1B81762CDE26}
		{D69E0C2A-6E1E-45EB-9FAF-551A6FF0C332} = {5CE2C8E4-8859-4B84-9506-1B81762CDE26}
		{BF897BBA-70A6-439C-A9A2-5B09824BE619} = {5CE2C8E4-8859-4B84-9506-1B81762CDE26}
		{5904E38B-5821-4648-B2D4-43A1DD73176D} = {76780982-ED06-4939-9513-0036DBB090F5}
		{7950F446-C62B-4A25-B54C-7A861D7706E9} = {76780982-ED06-4939-9513-0036DBB090F5}
		{758F5A0F-1AA4-405C-8C1A-6FCF0E7BB898} = {26EF5350-E4B3-4722-BAEC-41F975828E0D}
		{C71E5561-5662-4D1A-858C-8B38BB5E2DD1} = {A9B552A1-5033-4AD5-AA4E-ED6056CA4B4A}
		{26EF5350-E4B3-4722-BAEC-41F975828E0D} = {C71E5561-5662-4D1A-858C-8B38BB5E2DD1}
		{0CC6DBA6-8A62-4BA5-97F3-046778138C0E} = {C71E5561-5662-4D1A-858C-8B38BB5E2DD1}
		{4D2FCFBE-4304-439D-A653-0AA0E1511FBB} = {A9B552A1-5033-4AD5-AA4E-ED6056CA4B4A}
		{9CE8E163-979F-45E2-9BBD-6101BF231BF0} = {5CE2C8E4-8859-4B84-9506-1B81762CDE26}
		{07F67032-1FE3-4928-B142-5B1DFF0DFC6A} = {76780982-ED06-4939-9513-0036DBB090F5}
		{A0965A05-2832-4FC2-AAD9-653DAEEF698F} = {26EF5350-E4B3-4722-BAEC-41F975828E0D}
		{1172A8C3-7389-4EC6-A5B7-CFC4A226F092} = {E94744C0-96EC-4B60-B919-963919D9D455}
		{E94744C0-96EC-4B60-B919-963919D9D455} = {BF8BD25D-0361-4904-A0F2-8E9826291ADB}
		{BF8BD25D-0361-4904-A0F2-8E9826291ADB} = {1F24B343-16AD-4AF9-BC20-C0A2B8DC233F}
		{DCBD7EB6-3183-4F20-8537-FF975D0F89CF} = {BF8BD25D-0361-4904-A0F2-8E9826291ADB}
		{7274F359-4CCC-4754-86F7-F853271262D8} = {BF8BD25D-0361-4904-A0F2-8E9826291ADB}
		{16149731-0222-4DFB-97CD-4F7CFC570E8E} = {BF8BD25D-0361-4904-A0F2-8E9826291ADB}
		{2A9C2C22-1BB2-4849-AC3B-33A5647D2ED5} = {DCBD7EB6-3183-4F20-8537-FF975D0F89CF}
		{DC4AEB5D-67E3-4A2D-A2E2-8D6D298C31EA} = {BF8BD25D-0361-4904-A0F2-8E9826291ADB}
		{13326CEF-FDEE-4D55-9CF8-DA3D4D206DEE} = {DCBD7EB6-3183-4F20-8537-FF975D0F89CF}
		{67E14A7F-458F-4859-A079-EA1CF2A68CDE} = {DCBD7EB6-3183-4F20-8537-FF975D0F89CF}
		{4E02EFA3-1084-4136-A2BF-164330CB2EC1} = {65AABB37-3349-453F-B612-FE58D0B356CE}
		{288F9AED-3C39-4EFD-A42D-8FC9F0BBA134} = {65AABB37-3349-453F-B612-FE58D0B356CE}
		{F21839B9-F592-492E-85DA-E4191800E94A} = {288F9AED-3C39-4EFD-A42D-8FC9F0BBA134}
		{62A7E010-AA4C-4EE4-9AD3-E2CA2549AB3F} = {288F9AED-3C39-4EFD-A42D-8FC9F0BBA134}
		{0AACC459-2F22-4AD6-96B1-D67C827355C0} = {288F9AED-3C39-4EFD-A42D-8FC9F0BBA134}
		{8491BC24-2608-4565-BFE3-06CFF073DD6C} = {BF8BD25D-0361-4904-A0F2-8E9826291ADB}
		{331F572B-6C23-4831-AC4C-C66EB5D0E40E} = {8491BC24-2608-4565-BFE3-06CFF073DD6C}
		{116EAB4E-DD31-402E-B315-08F7402BAA0D} = {4E02EFA3-1084-4136-A2BF-164330CB2EC1}
		{F42839E4-B5A2-4940-91B7-59AF75950273} = {4E02EFA3-1084-4136-A2BF-164330CB2EC1}
		{6F33C0D2-58AC-4D1D-98D4-1F0AF8FF4FB5} = {4E02EFA3-1084-4136-A2BF-164330CB2EC1}
		{6A1D192C-12E5-4358-A77D-624659725F50} = {288F9AED-3C39-4EFD-A42D-8FC9F0BBA134}
		{5F6C9CD6-800B-443A-ACDE-DE3C91BF22AF} = {65AABB37-3349-453F-B612-FE58D0B356CE}
		{AA1CB95F-59BD-43BF-BE2F-AEFF6DF4E4A4} = {0CC6DBA6-8A62-4BA5-97F3-046778138C0E}
		{BBA39F68-B255-4F77-AC38-DAA5ACA25C4B} = {7274F359-4CCC-4754-86F7-F853271262D8}
		{8E8A5A42-A848-4CBC-A3B3-FEC546C66582} = {5F6C9CD6-800B-443A-ACDE-DE3C91BF22AF}
		{08B8D324-F708-4AD9-BDA1-F01C63B4701D} = {5F6C9CD6-800B-443A-ACDE-DE3C91BF22AF}
		{8EE9DD96-FB76-4976-836C-D68CD2BF6E89} = {0CC6DBA6-8A62-4BA5-97F3-046778138C0E}
		{11A3055D-0B3E-484C-80E5-57122478EB45} = {7274F359-4CCC-4754-86F7-F853271262D8}
		{C23A654B-17DE-48B9-B4C6-532B09A11B40} = {5CE2C8E4-8859-4B84-9506-1B81762CDE26}
		{81B42C19-7B20-4A69-92C3-D6814E72103A} = {DCBD7EB6-3183-4F20-8537-FF975D0F89CF}
		{C9DF1021-8739-4A12-9058-E3E963487A65} = {5CE2C8E4-8859-4B84-9506-1B81762CDE26}
		{9DB57A99-DE94-4DD4-91A5-21D6360EDBA6} = {76780982-ED06-4939-9513-0036DBB090F5}
		{37BDA11D-43E4-45F4-B8BA-C35DB00C108D} = {DCBD7EB6-3183-4F20-8537-FF975D0F89CF}
		{722AD4B4-995D-4D32-853A-7915CD7112CB} = {76780982-ED06-4939-9513-0036DBB090F5}
		{1FC632CF-BA5F-4298-B0E2-8073DD9ED992} = {26EF5350-E4B3-4722-BAEC-41F975828E0D}
		{89B37EA9-69A6-4F26-ACC0-6D766C7602D3} = {26EF5350-E4B3-4722-BAEC-41F975828E0D}
		{D287DE6F-E86E-40D9-A535-B6D24F33B856} = {26EF5350-E4B3-4722-BAEC-41F975828E0D}
	EndGlobalSection
	GlobalSection(ExtensibilityGlobals) = postSolution
		SolutionGuid = {FF4DA580-1568-4D1C-B696-3AE5FDB023A3}
	EndGlobalSection
EndGlobal
